// !$*UTF8*$!
{
	archiveVersion = 1;
	classes = {
	};
	objectVersion = 46;
	objects = {

/* Begin PBXBuildFile section */
		2D2475281FDE1C9D00741FF7 /* DetailTourCell.swift in Sources */ = {isa = PBXBuildFile; fileRef = 2D2475261FDE1C9D00741FF7 /* DetailTourCell.swift */; };
		2D2475291FDE1C9D00741FF7 /* DetailTourCell.xib in Resources */ = {isa = PBXBuildFile; fileRef = 2D2475271FDE1C9D00741FF7 /* DetailTourCell.xib */; };
		2D24752F1FDE1EF500741FF7 /* CheckMonthCellCollectionCell.swift in Sources */ = {isa = PBXBuildFile; fileRef = 2D24752D1FDE1EF500741FF7 /* CheckMonthCellCollectionCell.swift */; };
		2D2475301FDE1EF500741FF7 /* CheckMonthCellCollectionCell.xib in Resources */ = {isa = PBXBuildFile; fileRef = 2D24752E1FDE1EF500741FF7 /* CheckMonthCellCollectionCell.xib */; };
		2D2475331FDE3EA500741FF7 /* ImagePreviewVC.swift in Sources */ = {isa = PBXBuildFile; fileRef = 2D2475321FDE3EA500741FF7 /* ImagePreviewVC.swift */; };
		2D923F391FDCEFB800E036D5 /* SwiftyJSON.framework in Frameworks */ = {isa = PBXBuildFile; fileRef = 2D923F381FDCEFA900E036D5 /* SwiftyJSON.framework */; };
		2D923F3A1FDCEFBC00E036D5 /* Alamofire.framework in Frameworks */ = {isa = PBXBuildFile; fileRef = 2D923F341FDCEFA900E036D5 /* Alamofire.framework */; };
		2D923F3E1FDCF11D00E036D5 /* TourCell.swift in Sources */ = {isa = PBXBuildFile; fileRef = 2D923F3C1FDCF11D00E036D5 /* TourCell.swift */; };
		2D923F3F1FDCF11D00E036D5 /* TourCell.xib in Resources */ = {isa = PBXBuildFile; fileRef = 2D923F3D1FDCF11D00E036D5 /* TourCell.xib */; };
		753A55C31BB073E900254F27 /* AppDelegate.swift in Sources */ = {isa = PBXBuildFile; fileRef = 753A55C21BB073E900254F27 /* AppDelegate.swift */; };
		753A55C81BB073E900254F27 /* Main.storyboard in Resources */ = {isa = PBXBuildFile; fileRef = 753A55C61BB073E900254F27 /* Main.storyboard */; };
		753A55CA1BB073E900254F27 /* Images.xcassets in Resources */ = {isa = PBXBuildFile; fileRef = 753A55C91BB073E900254F27 /* Images.xcassets */; };
		753A55CD1BB073E900254F27 /* LaunchScreen.xib in Resources */ = {isa = PBXBuildFile; fileRef = 753A55CB1BB073E900254F27 /* LaunchScreen.xib */; };
		753A55E31BB0753B00254F27 /* MenuViewController.swift in Sources */ = {isa = PBXBuildFile; fileRef = 753A55E21BB0753B00254F27 /* MenuViewController.swift */; };
		753A55E51BB0755100254F27 /* BaseViewController.swift in Sources */ = {isa = PBXBuildFile; fileRef = 753A55E41BB0755100254F27 /* BaseViewController.swift */; };
		C6EEF9F61CB7E2AD00A3DC6D /* PlayVC.swift in Sources */ = {isa = PBXBuildFile; fileRef = C6EEF9F51CB7E2AD00A3DC6D /* PlayVC.swift */; };
		C6EEF9F81CB7E4E000A3DC6D /* HomeVC.swift in Sources */ = {isa = PBXBuildFile; fileRef = C6EEF9F71CB7E4E000A3DC6D /* HomeVC.swift */; };
/* End PBXBuildFile section */

/* Begin PBXContainerItemProxy section */
		2D923F331FDCEFA900E036D5 /* PBXContainerItemProxy */ = {
			isa = PBXContainerItemProxy;
			containerPortal = 2D923F2D1FDCEFA900E036D5 /* Pods.xcodeproj */;
			proxyType = 2;
			remoteGlobalIDString = DC0AED97426F12F62ABFA5F003243FBD;
			remoteInfo = Alamofire;
		};
		2D923F351FDCEFA900E036D5 /* PBXContainerItemProxy */ = {
			isa = PBXContainerItemProxy;
			containerPortal = 2D923F2D1FDCEFA900E036D5 /* Pods.xcodeproj */;
			proxyType = 2;
			remoteGlobalIDString = D80F6BCC131981D54E8274C5464A0060;
			remoteInfo = "Pods-AKSwiftSlideMenu";
		};
		2D923F371FDCEFA900E036D5 /* PBXContainerItemProxy */ = {
			isa = PBXContainerItemProxy;
			containerPortal = 2D923F2D1FDCEFA900E036D5 /* Pods.xcodeproj */;
			proxyType = 2;
			remoteGlobalIDString = D36386AC956BD36B4B25669519CFB1BA;
			remoteInfo = SwiftyJSON;
		};
/* End PBXContainerItemProxy section */

/* Begin PBXFileReference section */
		2D2475261FDE1C9D00741FF7 /* DetailTourCell.swift */ = {isa = PBXFileReference; lastKnownFileType = sourcecode.swift; path = DetailTourCell.swift; sourceTree = "<group>"; };
		2D2475271FDE1C9D00741FF7 /* DetailTourCell.xib */ = {isa = PBXFileReference; lastKnownFileType = file.xib; path = DetailTourCell.xib; sourceTree = "<group>"; };
		2D24752D1FDE1EF500741FF7 /* CheckMonthCellCollectionCell.swift */ = {isa = PBXFileReference; lastKnownFileType = sourcecode.swift; path = CheckMonthCellCollectionCell.swift; sourceTree = "<group>"; };
		2D24752E1FDE1EF500741FF7 /* CheckMonthCellCollectionCell.xib */ = {isa = PBXFileReference; lastKnownFileType = file.xib; path = CheckMonthCellCollectionCell.xib; sourceTree = "<group>"; };
		2D2475321FDE3EA500741FF7 /* ImagePreviewVC.swift */ = {isa = PBXFileReference; lastKnownFileType = sourcecode.swift; path = ImagePreviewVC.swift; sourceTree = "<group>"; };
		2D923F291FDCEF8F00E036D5 /* Pods */ = {isa = PBXFileReference; lastKnownFileType = folder; path = Pods; sourceTree = "<group>"; };
		2D923F2B1FDCEF9A00E036D5 /* Alamofire */ = {isa = PBXFileReference; lastKnownFileType = folder; name = Alamofire; path = Pods/Alamofire; sourceTree = "<group>"; };
		2D923F2D1FDCEFA900E036D5 /* Pods.xcodeproj */ = {isa = PBXFileReference; lastKnownFileType = "wrapper.pb-project"; name = Pods.xcodeproj; path = Pods/Pods.xcodeproj; sourceTree = "<group>"; };
		2D923F3C1FDCF11D00E036D5 /* TourCell.swift */ = {isa = PBXFileReference; lastKnownFileType = sourcecode.swift; path = TourCell.swift; sourceTree = "<group>"; };
		2D923F3D1FDCF11D00E036D5 /* TourCell.xib */ = {isa = PBXFileReference; lastKnownFileType = file.xib; path = TourCell.xib; sourceTree = "<group>"; };
		4F570F58852BEDCC147753B2 /* Pods-AKSwiftSlideMenu.debug.xcconfig */ = {isa = PBXFileReference; includeInIndex = 1; lastKnownFileType = text.xcconfig; name = "Pods-AKSwiftSlideMenu.debug.xcconfig"; path = "Pods/Target Support Files/Pods-AKSwiftSlideMenu/Pods-AKSwiftSlideMenu.debug.xcconfig"; sourceTree = "<group>"; };
		686E25BC10BBE5B2B3BC2EB5 /* Pods_AKSwiftSlideMenu.framework */ = {isa = PBXFileReference; explicitFileType = wrapper.framework; includeInIndex = 0; path = Pods_AKSwiftSlideMenu.framework; sourceTree = BUILT_PRODUCTS_DIR; };
		753A55BD1BB073E900254F27 /* AKSwiftSlideMenu.app */ = {isa = PBXFileReference; explicitFileType = wrapper.application; includeInIndex = 0; path = AKSwiftSlideMenu.app; sourceTree = BUILT_PRODUCTS_DIR; };
		753A55C11BB073E900254F27 /* Info.plist */ = {isa = PBXFileReference; lastKnownFileType = text.plist.xml; path = Info.plist; sourceTree = "<group>"; };
		753A55C21BB073E900254F27 /* AppDelegate.swift */ = {isa = PBXFileReference; lastKnownFileType = sourcecode.swift; path = AppDelegate.swift; sourceTree = "<group>"; };
		753A55C71BB073E900254F27 /* Base */ = {isa = PBXFileReference; lastKnownFileType = file.storyboard; name = Base; path = Base.lproj/Main.storyboard; sourceTree = "<group>"; };
		753A55C91BB073E900254F27 /* Images.xcassets */ = {isa = PBXFileReference; lastKnownFileType = folder.assetcatalog; path = Images.xcassets; sourceTree = "<group>"; };
		753A55CC1BB073E900254F27 /* Base */ = {isa = PBXFileReference; lastKnownFileType = file.xib; name = Base; path = Base.lproj/LaunchScreen.xib; sourceTree = "<group>"; };
		753A55E21BB0753B00254F27 /* MenuViewController.swift */ = {isa = PBXFileReference; fileEncoding = 4; lastKnownFileType = sourcecode.swift; path = MenuViewController.swift; sourceTree = "<group>"; };
		753A55E41BB0755100254F27 /* BaseViewController.swift */ = {isa = PBXFileReference; fileEncoding = 4; lastKnownFileType = sourcecode.swift; path = BaseViewController.swift; sourceTree = "<group>"; };
		93BC1549C23E8C84ACA0C389 /* Pods-AKSwiftSlideMenu.release.xcconfig */ = {isa = PBXFileReference; includeInIndex = 1; lastKnownFileType = text.xcconfig; name = "Pods-AKSwiftSlideMenu.release.xcconfig"; path = "Pods/Target Support Files/Pods-AKSwiftSlideMenu/Pods-AKSwiftSlideMenu.release.xcconfig"; sourceTree = "<group>"; };
		C6EEF9F51CB7E2AD00A3DC6D /* PlayVC.swift */ = {isa = PBXFileReference; fileEncoding = 4; lastKnownFileType = sourcecode.swift; path = PlayVC.swift; sourceTree = "<group>"; };
		C6EEF9F71CB7E4E000A3DC6D /* HomeVC.swift */ = {isa = PBXFileReference; fileEncoding = 4; lastKnownFileType = sourcecode.swift; path = HomeVC.swift; sourceTree = "<group>"; };
/* End PBXFileReference section */

/* Begin PBXFrameworksBuildPhase section */
		753A55BA1BB073E900254F27 /* Frameworks */ = {
			isa = PBXFrameworksBuildPhase;
			buildActionMask = 2147483647;
			files = (
				2D923F3A1FDCEFBC00E036D5 /* Alamofire.framework in Frameworks */,
				2D923F391FDCEFB800E036D5 /* SwiftyJSON.framework in Frameworks */,
			);
			runOnlyForDeploymentPostprocessing = 0;
		};
/* End PBXFrameworksBuildPhase section */

/* Begin PBXGroup section */
		2D2475311FDE3E7000741FF7 /* Modules */ = {
			isa = PBXGroup;
			children = (
				2D2475321FDE3EA500741FF7 /* ImagePreviewVC.swift */,
			);
			name = Modules;
			sourceTree = "<group>";
		};
		2D923F2E1FDCEFA900E036D5 /* Products */ = {
			isa = PBXGroup;
			children = (
				2D923F341FDCEFA900E036D5 /* Alamofire.framework */,
				2D923F361FDCEFA900E036D5 /* Pods_AKSwiftSlideMenu.framework */,
				2D923F381FDCEFA900E036D5 /* SwiftyJSON.framework */,
			);
			name = Products;
			sourceTree = "<group>";
		};
		2D923F3B1FDCF0CF00E036D5 /* CellTour */ = {
			isa = PBXGroup;
			children = (
				2D923F3C1FDCF11D00E036D5 /* TourCell.swift */,
				2D923F3D1FDCF11D00E036D5 /* TourCell.xib */,
				2D2475261FDE1C9D00741FF7 /* DetailTourCell.swift */,
				2D2475271FDE1C9D00741FF7 /* DetailTourCell.xib */,
				2D24752D1FDE1EF500741FF7 /* CheckMonthCellCollectionCell.swift */,
				2D24752E1FDE1EF500741FF7 /* CheckMonthCellCollectionCell.xib */,
			);
			name = CellTour;
			sourceTree = "<group>";
		};
		5EB3D1BD7FA38A0BE6FDB57F /* Frameworks */ = {
			isa = PBXGroup;
			children = (
				2D923F2D1FDCEFA900E036D5 /* Pods.xcodeproj */,
				2D923F2B1FDCEF9A00E036D5 /* Alamofire */,
				2D923F291FDCEF8F00E036D5 /* Pods */,
				686E25BC10BBE5B2B3BC2EB5 /* Pods_AKSwiftSlideMenu.framework */,
			);
			name = Frameworks;
			sourceTree = "<group>";
		};
		753A55B41BB073E900254F27 = {
			isa = PBXGroup;
			children = (
				753A55BF1BB073E900254F27 /* AKSwiftSlideMenu */,
				753A55BE1BB073E900254F27 /* Products */,
				CC44556B77BAA41F234D448D /* Pods */,
				5EB3D1BD7FA38A0BE6FDB57F /* Frameworks */,
			);
			sourceTree = "<group>";
		};
		753A55BE1BB073E900254F27 /* Products */ = {
			isa = PBXGroup;
			children = (
				753A55BD1BB073E900254F27 /* AKSwiftSlideMenu.app */,
			);
			name = Products;
			sourceTree = "<group>";
		};
		753A55BF1BB073E900254F27 /* AKSwiftSlideMenu */ = {
			isa = PBXGroup;
			children = (
				2D2475311FDE3E7000741FF7 /* Modules */,
				2D923F3B1FDCF0CF00E036D5 /* CellTour */,
				753A55C21BB073E900254F27 /* AppDelegate.swift */,
				C6EEF9F71CB7E4E000A3DC6D /* HomeVC.swift */,
				753A55E41BB0755100254F27 /* BaseViewController.swift */,
				753A55E21BB0753B00254F27 /* MenuViewController.swift */,
				C6EEF9F51CB7E2AD00A3DC6D /* PlayVC.swift */,
				753A55C61BB073E900254F27 /* Main.storyboard */,
				753A55C91BB073E900254F27 /* Images.xcassets */,
				753A55CB1BB073E900254F27 /* LaunchScreen.xib */,
				753A55C01BB073E900254F27 /* Supporting Files */,
			);
			path = AKSwiftSlideMenu;
			sourceTree = "<group>";
		};
		753A55C01BB073E900254F27 /* Supporting Files */ = {
			isa = PBXGroup;
			children = (
				753A55C11BB073E900254F27 /* Info.plist */,
			);
			name = "Supporting Files";
			sourceTree = "<group>";
		};
		CC44556B77BAA41F234D448D /* Pods */ = {
			isa = PBXGroup;
			children = (
				4F570F58852BEDCC147753B2 /* Pods-AKSwiftSlideMenu.debug.xcconfig */,
				93BC1549C23E8C84ACA0C389 /* Pods-AKSwiftSlideMenu.release.xcconfig */,
			);
			name = Pods;
			sourceTree = "<group>";
		};
/* End PBXGroup section */

/* Begin PBXNativeTarget section */
		753A55BC1BB073E900254F27 /* AKSwiftSlideMenu */ = {
			isa = PBXNativeTarget;
			buildConfigurationList = 753A55DC1BB073E900254F27 /* Build configuration list for PBXNativeTarget "AKSwiftSlideMenu" */;
			buildPhases = (
				33CD0DC2ACBA6A86D0D8CFAC /* [CP] Check Pods Manifest.lock */,
				753A55B91BB073E900254F27 /* Sources */,
				753A55BA1BB073E900254F27 /* Frameworks */,
				753A55BB1BB073E900254F27 /* Resources */,
				C8B61F3DEFB7B2334AF23D1C /* [CP] Embed Pods Frameworks */,
				828FA69591BD470290F840C2 /* [CP] Copy Pods Resources */,
			);
			buildRules = (
			);
			dependencies = (
			);
			name = AKSwiftSlideMenu;
			productName = AKSwiftSlideMenu;
			productReference = 753A55BD1BB073E900254F27 /* AKSwiftSlideMenu.app */;
			productType = "com.apple.product-type.application";
		};
/* End PBXNativeTarget section */

/* Begin PBXProject section */
		753A55B51BB073E900254F27 /* Project object */ = {
			isa = PBXProject;
			attributes = {
				LastSwiftMigration = 0700;
				LastSwiftUpdateCheck = 0700;
				LastUpgradeCheck = 0900;
				ORGANIZATIONNAME = Kode;
				TargetAttributes = {
					753A55BC1BB073E900254F27 = {
						CreatedOnToolsVersion = 6.4;
						DevelopmentTeam = ZPQ85C49GR;
						LastSwiftMigration = 0900;
					};
				};
			};
			buildConfigurationList = 753A55B81BB073E900254F27 /* Build configuration list for PBXProject "AKSwiftSlideMenu" */;
			compatibilityVersion = "Xcode 3.2";
			developmentRegion = English;
			hasScannedForEncodings = 0;
			knownRegions = (
				en,
				Base,
			);
			mainGroup = 753A55B41BB073E900254F27;
			productRefGroup = 753A55BE1BB073E900254F27 /* Products */;
			projectDirPath = "";
			projectReferences = (
				{
					ProductGroup = 2D923F2E1FDCEFA900E036D5 /* Products */;
					ProjectRef = 2D923F2D1FDCEFA900E036D5 /* Pods.xcodeproj */;
				},
			);
			projectRoot = "";
			targets = (
				753A55BC1BB073E900254F27 /* AKSwiftSlideMenu */,
			);
		};
/* End PBXProject section */

/* Begin PBXReferenceProxy section */
		2D923F341FDCEFA900E036D5 /* Alamofire.framework */ = {
			isa = PBXReferenceProxy;
			fileType = wrapper.framework;
			path = Alamofire.framework;
			remoteRef = 2D923F331FDCEFA900E036D5 /* PBXContainerItemProxy */;
			sourceTree = BUILT_PRODUCTS_DIR;
		};
		2D923F361FDCEFA900E036D5 /* Pods_AKSwiftSlideMenu.framework */ = {
			isa = PBXReferenceProxy;
			fileType = wrapper.framework;
			path = Pods_AKSwiftSlideMenu.framework;
			remoteRef = 2D923F351FDCEFA900E036D5 /* PBXContainerItemProxy */;
			sourceTree = BUILT_PRODUCTS_DIR;
		};
		2D923F381FDCEFA900E036D5 /* SwiftyJSON.framework */ = {
			isa = PBXReferenceProxy;
			fileType = wrapper.framework;
			path = SwiftyJSON.framework;
			remoteRef = 2D923F371FDCEFA900E036D5 /* PBXContainerItemProxy */;
			sourceTree = BUILT_PRODUCTS_DIR;
		};
/* End PBXReferenceProxy section */

/* Begin PBXResourcesBuildPhase section */
		753A55BB1BB073E900254F27 /* Resources */ = {
			isa = PBXResourcesBuildPhase;
			buildActionMask = 2147483647;
			files = (
				2D2475301FDE1EF500741FF7 /* CheckMonthCellCollectionCell.xib in Resources */,
				753A55C81BB073E900254F27 /* Main.storyboard in Resources */,
				753A55CD1BB073E900254F27 /* LaunchScreen.xib in Resources */,
				2D2475291FDE1C9D00741FF7 /* DetailTourCell.xib in Resources */,
				753A55CA1BB073E900254F27 /* Images.xcassets in Resources */,
				2D923F3F1FDCF11D00E036D5 /* TourCell.xib in Resources */,
			);
			runOnlyForDeploymentPostprocessing = 0;
		};
/* End PBXResourcesBuildPhase section */

/* Begin PBXShellScriptBuildPhase section */
		33CD0DC2ACBA6A86D0D8CFAC /* [CP] Check Pods Manifest.lock */ = {
			isa = PBXShellScriptBuildPhase;
			buildActionMask = 2147483647;
			files = (
			);
			inputPaths = (
				"${PODS_PODFILE_DIR_PATH}/Podfile.lock",
				"${PODS_ROOT}/Manifest.lock",
			);
			name = "[CP] Check Pods Manifest.lock";
			outputPaths = (
				"$(DERIVED_FILE_DIR)/Pods-AKSwiftSlideMenu-checkManifestLockResult.txt",
			);
			runOnlyForDeploymentPostprocessing = 0;
			shellPath = /bin/sh;
			shellScript = "diff \"${PODS_PODFILE_DIR_PATH}/Podfile.lock\" \"${PODS_ROOT}/Manifest.lock\" > /dev/null\nif [ $? != 0 ] ; then\n    # print error to STDERR\n    echo \"error: The sandbox is not in sync with the Podfile.lock. Run 'pod install' or update your CocoaPods installation.\" >&2\n    exit 1\nfi\n# This output is used by Xcode 'outputs' to avoid re-running this script phase.\necho \"SUCCESS\" > \"${SCRIPT_OUTPUT_FILE_0}\"\n";
			showEnvVarsInLog = 0;
		};
		828FA69591BD470290F840C2 /* [CP] Copy Pods Resources */ = {
			isa = PBXShellScriptBuildPhase;
			buildActionMask = 2147483647;
			files = (
			);
			inputPaths = (
			);
			name = "[CP] Copy Pods Resources";
			outputPaths = (
			);
			runOnlyForDeploymentPostprocessing = 0;
			shellPath = /bin/sh;
			shellScript = "\"${SRCROOT}/Pods/Target Support Files/Pods-AKSwiftSlideMenu/Pods-AKSwiftSlideMenu-resources.sh\"\n";
			showEnvVarsInLog = 0;
		};
		C8B61F3DEFB7B2334AF23D1C /* [CP] Embed Pods Frameworks */ = {
			isa = PBXShellScriptBuildPhase;
			buildActionMask = 2147483647;
			files = (
			);
			inputPaths = (
				"${SRCROOT}/Pods/Target Support Files/Pods-AKSwiftSlideMenu/Pods-AKSwiftSlideMenu-frameworks.sh",
				"${BUILT_PRODUCTS_DIR}/Alamofire/Alamofire.framework",
				"${BUILT_PRODUCTS_DIR}/SwiftyJSON/SwiftyJSON.framework",
			);
			name = "[CP] Embed Pods Frameworks";
			outputPaths = (
				"${TARGET_BUILD_DIR}/${FRAMEWORKS_FOLDER_PATH}/Alamofire.framework",
				"${TARGET_BUILD_DIR}/${FRAMEWORKS_FOLDER_PATH}/SwiftyJSON.framework",
			);
			runOnlyForDeploymentPostprocessing = 0;
			shellPath = /bin/sh;
			shellScript = "\"${SRCROOT}/Pods/Target Support Files/Pods-AKSwiftSlideMenu/Pods-AKSwiftSlideMenu-frameworks.sh\"\n";
			showEnvVarsInLog = 0;
		};
/* End PBXShellScriptBuildPhase section */

/* Begin PBXSourcesBuildPhase section */
		753A55B91BB073E900254F27 /* Sources */ = {
			isa = PBXSourcesBuildPhase;
			buildActionMask = 2147483647;
			files = (
				2D2475331FDE3EA500741FF7 /* ImagePreviewVC.swift in Sources */,
				2D2475281FDE1C9D00741FF7 /* DetailTourCell.swift in Sources */,
				2D24752F1FDE1EF500741FF7 /* CheckMonthCellCollectionCell.swift in Sources */,
				753A55E51BB0755100254F27 /* BaseViewController.swift in Sources */,
				C6EEF9F61CB7E2AD00A3DC6D /* PlayVC.swift in Sources */,
				C6EEF9F81CB7E4E000A3DC6D /* HomeVC.swift in Sources */,
				753A55E31BB0753B00254F27 /* MenuViewController.swift in Sources */,
				753A55C31BB073E900254F27 /* AppDelegate.swift in Sources */,
				2D923F3E1FDCF11D00E036D5 /* TourCell.swift in Sources */,
			);
			runOnlyForDeploymentPostprocessing = 0;
		};
/* End PBXSourcesBuildPhase section */

/* Begin PBXVariantGroup section */
		753A55C61BB073E900254F27 /* Main.storyboard */ = {
			isa = PBXVariantGroup;
			children = (
				753A55C71BB073E900254F27 /* Base */,
			);
			name = Main.storyboard;
			sourceTree = "<group>";
		};
		753A55CB1BB073E900254F27 /* LaunchScreen.xib */ = {
			isa = PBXVariantGroup;
			children = (
				753A55CC1BB073E900254F27 /* Base */,
			);
			name = LaunchScreen.xib;
			sourceTree = "<group>";
		};
/* End PBXVariantGroup section */

/* Begin XCBuildConfiguration section */
		753A55DA1BB073E900254F27 /* Debug */ = {
			isa = XCBuildConfiguration;
			buildSettings = {
				ALWAYS_SEARCH_USER_PATHS = NO;
				CLANG_CXX_LANGUAGE_STANDARD = "gnu++0x";
				CLANG_CXX_LIBRARY = "libc++";
				CLANG_ENABLE_MODULES = YES;
				CLANG_ENABLE_OBJC_ARC = YES;
				CLANG_WARN_BLOCK_CAPTURE_AUTORELEASING = YES;
				CLANG_WARN_BOOL_CONVERSION = YES;
				CLANG_WARN_COMMA = YES;
				CLANG_WARN_CONSTANT_CONVERSION = YES;
				CLANG_WARN_DIRECT_OBJC_ISA_USAGE = YES_ERROR;
				CLANG_WARN_EMPTY_BODY = YES;
				CLANG_WARN_ENUM_CONVERSION = YES;
				CLANG_WARN_INFINITE_RECURSION = YES;
				CLANG_WARN_INT_CONVERSION = YES;
				CLANG_WARN_NON_LITERAL_NULL_CONVERSION = YES;
				CLANG_WARN_OBJC_LITERAL_CONVERSION = YES;
				CLANG_WARN_OBJC_ROOT_CLASS = YES_ERROR;
				CLANG_WARN_RANGE_LOOP_ANALYSIS = YES;
				CLANG_WARN_STRICT_PROTOTYPES = YES;
				CLANG_WARN_SUSPICIOUS_MOVE = YES;
				CLANG_WARN_UNREACHABLE_CODE = YES;
				CLANG_WARN__DUPLICATE_METHOD_MATCH = YES;
				"CODE_SIGN_IDENTITY[sdk=iphoneos*]" = "iPhone Developer";
				COPY_PHASE_STRIP = NO;
				DEBUG_INFORMATION_FORMAT = "dwarf-with-dsym";
				ENABLE_STRICT_OBJC_MSGSEND = YES;
				ENABLE_TESTABILITY = YES;
				GCC_C_LANGUAGE_STANDARD = gnu99;
				GCC_DYNAMIC_NO_PIC = NO;
				GCC_NO_COMMON_BLOCKS = YES;
				GCC_OPTIMIZATION_LEVEL = 0;
				GCC_PREPROCESSOR_DEFINITIONS = (
					"DEBUG=1",
					"$(inherited)",
				);
				GCC_SYMBOLS_PRIVATE_EXTERN = NO;
				GCC_WARN_64_TO_32_BIT_CONVERSION = YES;
				GCC_WARN_ABOUT_RETURN_TYPE = YES_ERROR;
				GCC_WARN_UNDECLARED_SELECTOR = YES;
				GCC_WARN_UNINITIALIZED_AUTOS = YES_AGGRESSIVE;
				GCC_WARN_UNUSED_FUNCTION = YES;
				GCC_WARN_UNUSED_VARIABLE = YES;
				IPHONEOS_DEPLOYMENT_TARGET = 10.0;
				MTL_ENABLE_DEBUG_INFO = YES;
				ONLY_ACTIVE_ARCH = YES;
				SDKROOT = iphoneos;
				SWIFT_OPTIMIZATION_LEVEL = "-Onone";
				SWIFT_SWIFT3_OBJC_INFERENCE = Off;
			};
			name = Debug;
		};
		753A55DB1BB073E900254F27 /* Release */ = {
			isa = XCBuildConfiguration;
			buildSettings = {
				ALWAYS_SEARCH_USER_PATHS = NO;
				CLANG_CXX_LANGUAGE_STANDARD = "gnu++0x";
				CLANG_CXX_LIBRARY = "libc++";
				CLANG_ENABLE_MODULES = YES;
				CLANG_ENABLE_OBJC_ARC = YES;
				CLANG_WARN_BLOCK_CAPTURE_AUTORELEASING = YES;
				CLANG_WARN_BOOL_CONVERSION = YES;
				CLANG_WARN_COMMA = YES;
				CLANG_WARN_CONSTANT_CONVERSION = YES;
				CLANG_WARN_DIRECT_OBJC_ISA_USAGE = YES_ERROR;
				CLANG_WARN_EMPTY_BODY = YES;
				CLANG_WARN_ENUM_CONVERSION = YES;
				CLANG_WARN_INFINITE_RECURSION = YES;
				CLANG_WARN_INT_CONVERSION = YES;
				CLANG_WARN_NON_LITERAL_NULL_CONVERSION = YES;
				CLANG_WARN_OBJC_LITERAL_CONVERSION = YES;
				CLANG_WARN_OBJC_ROOT_CLASS = YES_ERROR;
				CLANG_WARN_RANGE_LOOP_ANALYSIS = YES;
				CLANG_WARN_STRICT_PROTOTYPES = YES;
				CLANG_WARN_SUSPICIOUS_MOVE = YES;
				CLANG_WARN_UNREACHABLE_CODE = YES;
				CLANG_WARN__DUPLICATE_METHOD_MATCH = YES;
				"CODE_SIGN_IDENTITY[sdk=iphoneos*]" = "iPhone Developer";
				COPY_PHASE_STRIP = NO;
				DEBUG_INFORMATION_FORMAT = "dwarf-with-dsym";
				ENABLE_NS_ASSERTIONS = NO;
				ENABLE_STRICT_OBJC_MSGSEND = YES;
				GCC_C_LANGUAGE_STANDARD = gnu99;
				GCC_NO_COMMON_BLOCKS = YES;
				GCC_WARN_64_TO_32_BIT_CONVERSION = YES;
				GCC_WARN_ABOUT_RETURN_TYPE = YES_ERROR;
				GCC_WARN_UNDECLARED_SELECTOR = YES;
				GCC_WARN_UNINITIALIZED_AUTOS = YES_AGGRESSIVE;
				GCC_WARN_UNUSED_FUNCTION = YES;
				GCC_WARN_UNUSED_VARIABLE = YES;
				IPHONEOS_DEPLOYMENT_TARGET = 10.0;
				MTL_ENABLE_DEBUG_INFO = NO;
				SDKROOT = iphoneos;
				SWIFT_SWIFT3_OBJC_INFERENCE = Off;
				VALIDATE_PRODUCT = YES;
			};
			name = Release;
		};
		753A55DD1BB073E900254F27 /* Debug */ = {
			isa = XCBuildConfiguration;
			baseConfigurationReference = 4F570F58852BEDCC147753B2 /* Pods-AKSwiftSlideMenu.debug.xcconfig */;
			buildSettings = {
				ASSETCATALOG_COMPILER_APPICON_NAME = AppIcon;
				DEVELOPMENT_TEAM = ZPQ85C49GR;
				INFOPLIST_FILE = AKSwiftSlideMenu/Info.plist;
				LD_RUNPATH_SEARCH_PATHS = "$(inherited) @executable_path/Frameworks";
				PRODUCT_BUNDLE_IDENTIFIER = com.lichkhoihanh;
				PRODUCT_NAME = "$(TARGET_NAME)";
				SWIFT_SWIFT3_OBJC_INFERENCE = Off;
				SWIFT_VERSION = 4.0;
			};
			name = Debug;
		};
		753A55DE1BB073E900254F27 /* Release */ = {
			isa = XCBuildConfiguration;
			baseConfigurationReference = 93BC1549C23E8C84ACA0C389 /* Pods-AKSwiftSlideMenu.release.xcconfig */;
			buildSettings = {
				ASSETCATALOG_COMPILER_APPICON_NAME = AppIcon;
				DEVELOPMENT_TEAM = ZPQ85C49GR;
				INFOPLIST_FILE = AKSwiftSlideMenu/Info.plist;
				LD_RUNPATH_SEARCH_PATHS = "$(inherited) @executable_path/Frameworks";
				PRODUCT_BUNDLE_IDENTIFIER = com.lichkhoihanh;
				PRODUCT_NAME = "$(TARGET_NAME)";
				SWIFT_OPTIMIZATION_LEVEL = "-Owholemodule";
				SWIFT_SWIFT3_OBJC_INFERENCE = Off;
				SWIFT_VERSION = 4.0;
			};
			name = Release;
		};
/* End XCBuildConfiguration section */

/* Begin XCConfigurationList section */
		753A55B81BB073E900254F27 /* Build configuration list for PBXProject "AKSwiftSlideMenu" */ = {
			isa = XCConfigurationList;
			buildConfigurations = (
				753A55DA1BB073E900254F27 /* Debug */,
				753A55DB1BB073E900254F27 /* Release */,
			);
			defaultConfigurationIsVisible = 0;
			defaultConfigurationName = Release;
		};
		753A55DC1BB073E900254F27 /* Build configuration list for PBXNativeTarget "AKSwiftSlideMenu" */ = {
			isa = XCConfigurationList;
			buildConfigurations = (
				753A55DD1BB073E900254F27 /* Debug */,
				753A55DE1BB073E900254F27 /* Release */,
			);
			defaultConfigurationIsVisible = 0;
			defaultConfigurationName = Release;
		};
/* End XCConfigurationList section */
	};
	rootObject = 753A55B51BB073E900254F27 /* Project object */;
}
